
Microsoft Visual Studio Solution File, Format Version 12.00
# Visual Studio Version 17
VisualStudioVersion = 17.10.34928.147
MinimumVisualStudioVersion = 10.0.40219.1
Project("{8BC9CEB8-8B4A-11D0-8D11-00A0C91BC942}") = "Practic21.06.2024", "Practic21.06.2024\Practic21.06.2024.vcxproj", "{0AEB8EDA-25FE-40A1-BE6E-EE7DEEB6B62C}"
EndProject
Project("{8BC9CEB8-8B4A-11D0-8D11-00A0C91BC942}") = "Practic21.06.2024.Part2", "Practic21.06.2024.Part2\Practic21.06.2024.Part2.vcxproj", "{E24B3B86-5F07-4CAF-9F4E-9A1ADDB424F8}"
EndProject
Project("{8BC9CEB8-8B4A-11D0-8D11-00A0C91BC942}") = "Practic21.06.2024.Part3", "Practic21.06.2024.Part3\Practic21.06.2024.Part3.vcxproj", "{ED14147B-5996-4CB2-A36A-8DFBD46CBE6B}"
EndProject
Project("{8BC9CEB8-8B4A-11D0-8D11-00A0C91BC942}") = "Practic21.06.2024.Part4", "Practic21.06.2024.Part4\Practic21.06.2024.Part4.vcxproj", "{091C4012-23B1-4F96-A563-C2B0C8FE5F23}"
EndProject
Global
	GlobalSection(SolutionConfigurationPlatforms) = preSolution
		Debug|x64 = Debug|x64
		Debug|x86 = Debug|x86
		Release|x64 = Release|x64
		Release|x86 = Release|x86
	EndGlobalSection
	GlobalSection(ProjectConfigurationPlatforms) = postSolution
		{0AEB8EDA-25FE-40A1-BE6E-EE7DEEB6B62C}.Debug|x64.ActiveCfg = Debug|x64
		{0AEB8EDA-25FE-40A1-BE6E-EE7DEEB6B62C}.Debug|x64.Build.0 = Debug|x64
		{0AEB8EDA-25FE-40A1-BE6E-EE7DEEB6B62C}.Debug|x86.ActiveCfg = Debug|Win32
		{0AEB8EDA-25FE-40A1-BE6E-EE7DEEB6B62C}.Debug|x86.Build.0 = Debug|Win32
		{0AEB8EDA-25FE-40A1-BE6E-EE7DEEB6B62C}.Release|x64.ActiveCfg = Release|x64
		{0AEB8EDA-25FE-40A1-BE6E-EE7DEEB6B62C}.Release|x64.Build.0 = Release|x64
		{0AEB8EDA-25FE-40A1-BE6E-EE7DEEB6B62C}.Release|x86.ActiveCfg = Release|Win32
		{0AEB8EDA-25FE-40A1-BE6E-EE7DEEB6B62C}.Release|x86.Build.0 = Release|Win32
		{E24B3B86-5F07-4CAF-9F4E-9A1ADDB424F8}.Debug|x64.ActiveCfg = Debug|x64
		{E24B3B86-5F07-4CAF-9F4E-9A1ADDB424F8}.Debug|x64.Build.0 = Debug|x64
		{E24B3B86-5F07-4CAF-9F4E-9A1ADDB424F8}.Debug|x86.ActiveCfg = Debug|Win32
		{E24B3B86-5F07-4CAF-9F4E-9A1ADDB424F8}.Debug|x86.Build.0 = Debug|Win32
		{E24B3B86-5F07-4CAF-9F4E-9A1ADDB424F8}.Release|x64.ActiveCfg = Release|x64
		{E24B3B86-5F07-4CAF-9F4E-9A1ADDB424F8}.Release|x64.Build.0 = Release|x64
		{E24B3B86-5F07-4CAF-9F4E-9A1ADDB424F8}.Release|x86.ActiveCfg = Release|Win32
		{E24B3B86-5F07-4CAF-9F4E-9A1ADDB424F8}.Release|x86.Build.0 = Release|Win32
		{ED14147B-5996-4CB2-A36A-8DFBD46CBE6B}.Debug|x64.ActiveCfg = Debug|x64
		{ED14147B-5996-4CB2-A36A-8DFBD46CBE6B}.Debug|x64.Build.0 = Debug|x64
		{ED14147B-5996-4CB2-A36A-8DFBD46CBE6B}.Debug|x86.ActiveCfg = Debug|Win32
		{ED14147B-5996-4CB2-A36A-8DFBD46CBE6B}.Debug|x86.Build.0 = Debug|Win32
		{ED14147B-5996-4CB2-A36A-8DFBD46CBE6B}.Release|x64.ActiveCfg = Release|x64
		{ED14147B-5996-4CB2-A36A-8DFBD46CBE6B}.Release|x64.Build.0 = Release|x64
		{ED14147B-5996-4CB2-A36A-8DFBD46CBE6B}.Release|x86.ActiveCfg = Release|Win32
		{ED14147B-5996-4CB2-A36A-8DFBD46CBE6B}.Release|x86.Build.0 = Release|Win32
		{091C4012-23B1-4F96-A563-C2B0C8FE5F23}.Debug|x64.ActiveCfg = Debug|x64
		{091C4012-23B1-4F96-A563-C2B0C8FE5F23}.Debug|x64.Build.0 = Debug|x64
		{091C4012-23B1-4F96-A563-C2B0C8FE5F23}.Debug|x86.ActiveCfg = Debug|Win32
		{091C4012-23B1-4F96-A563-C2B0C8FE5F23}.Debug|x86.Build.0 = Debug|Win32
		{091C4012-23B1-4F96-A563-C2B0C8FE5F23}.Release|x64.ActiveCfg = Release|x64
		{091C4012-23B1-4F96-A563-C2B0C8FE5F23}.Release|x64.Build.0 = Release|x64
		{091C4012-23B1-4F96-A563-C2B0C8FE5F23}.Release|x86.ActiveCfg = Release|Win32
		{091C4012-23B1-4F96-A563-C2B0C8FE5F23}.Release|x86.Build.0 = Release|Win32
	EndGlobalSection
	GlobalSection(SolutionProperties) = preSolution
		HideSolutionNode = FALSE
	EndGlobalSection
	GlobalSection(ExtensibilityGlobals) = postSolution
		SolutionGuid = {DE2F4E5A-67E5-4A61-AEE2-6C6C32AE72B4}
	EndGlobalSection
EndGlobal
